// !$*UTF8*$!
{
	archiveVersion = 1;
	classes = {
	};
	objectVersion = 46;
	objects = {

/* Begin PBXBuildFile section */
		90A1FD5D39118C86EFCF8193 /* Pods_testDb.framework in Frameworks */ = {isa = PBXBuildFile; fileRef = 3E42BC11ABBC8D3C2A891F75 /* Pods_testDb.framework */; };
		AD55BF3F1E0AD01300C758C4 /* pic.jpg in Resources */ = {isa = PBXBuildFile; fileRef = AD55BF3E1E0AD01300C758C4 /* pic.jpg */; };
		AD6844EE1E040ACF00A52959 /* AppDelegate.swift in Sources */ = {isa = PBXBuildFile; fileRef = AD6844ED1E040ACF00A52959 /* AppDelegate.swift */; };
		AD6844F01E040ACF00A52959 /* ViewController.swift in Sources */ = {isa = PBXBuildFile; fileRef = AD6844EF1E040ACF00A52959 /* ViewController.swift */; };
		AD6844F31E040ACF00A52959 /* Main.storyboard in Resources */ = {isa = PBXBuildFile; fileRef = AD6844F11E040ACF00A52959 /* Main.storyboard */; };
		AD6844F51E040ACF00A52959 /* Assets.xcassets in Resources */ = {isa = PBXBuildFile; fileRef = AD6844F41E040ACF00A52959 /* Assets.xcassets */; };
		AD6844F81E040ACF00A52959 /* LaunchScreen.storyboard in Resources */ = {isa = PBXBuildFile; fileRef = AD6844F61E040ACF00A52959 /* LaunchScreen.storyboard */; };
		ADF7230B1E25EBB300E75A99 /* AdSupport.framework in Frameworks */ = {isa = PBXBuildFile; fileRef = ADF7230A1E25EBB300E75A99 /* AdSupport.framework */; };
		ADF97B401E25BEF0002F584A /* TableViewController.swift in Sources */ = {isa = PBXBuildFile; fileRef = ADF97B3F1E25BEF0002F584A /* TableViewController.swift */; };
/* End PBXBuildFile section */

/* Begin PBXFileReference section */
		2F71819BC0FA83C748F96FF9 /* Pods-testDb.release.xcconfig */ = {isa = PBXFileReference; includeInIndex = 1; lastKnownFileType = text.xcconfig; name = "Pods-testDb.release.xcconfig"; path = "Pods/Target Support Files/Pods-testDb/Pods-testDb.release.xcconfig"; sourceTree = "<group>"; };
		3E42BC11ABBC8D3C2A891F75 /* Pods_testDb.framework */ = {isa = PBXFileReference; explicitFileType = wrapper.framework; includeInIndex = 0; path = Pods_testDb.framework; sourceTree = BUILT_PRODUCTS_DIR; };
		845BA1ECD9218CECB368C1A5 /* Pods-testDb.debug.xcconfig */ = {isa = PBXFileReference; includeInIndex = 1; lastKnownFileType = text.xcconfig; name = "Pods-testDb.debug.xcconfig"; path = "Pods/Target Support Files/Pods-testDb/Pods-testDb.debug.xcconfig"; sourceTree = "<group>"; };
		AD55BF3E1E0AD01300C758C4 /* pic.jpg */ = {isa = PBXFileReference; lastKnownFileType = image.jpeg; path = pic.jpg; sourceTree = "<group>"; };
		AD6844EA1E040ACF00A52959 /* testDb.app */ = {isa = PBXFileReference; explicitFileType = wrapper.application; includeInIndex = 0; path = testDb.app; sourceTree = BUILT_PRODUCTS_DIR; };
		AD6844ED1E040ACF00A52959 /* AppDelegate.swift */ = {isa = PBXFileReference; lastKnownFileType = sourcecode.swift; path = AppDelegate.swift; sourceTree = "<group>"; };
		AD6844EF1E040ACF00A52959 /* ViewController.swift */ = {isa = PBXFileReference; lastKnownFileType = sourcecode.swift; path = ViewController.swift; sourceTree = "<group>"; };
		AD6844F21E040ACF00A52959 /* Base */ = {isa = PBXFileReference; lastKnownFileType = file.storyboard; name = Base; path = Base.lproj/Main.storyboard; sourceTree = "<group>"; };
		AD6844F41E040ACF00A52959 /* Assets.xcassets */ = {isa = PBXFileReference; lastKnownFileType = folder.assetcatalog; path = Assets.xcassets; sourceTree = "<group>"; };
		AD6844F71E040ACF00A52959 /* Base */ = {isa = PBXFileReference; lastKnownFileType = file.storyboard; name = Base; path = Base.lproj/LaunchScreen.storyboard; sourceTree = "<group>"; };
		AD6844F91E040ACF00A52959 /* Info.plist */ = {isa = PBXFileReference; lastKnownFileType = text.plist.xml; path = Info.plist; sourceTree = "<group>"; };
		ADF7230A1E25EBB300E75A99 /* AdSupport.framework */ = {isa = PBXFileReference; lastKnownFileType = wrapper.framework; name = AdSupport.framework; path = System/Library/Frameworks/AdSupport.framework; sourceTree = SDKROOT; };
		ADF97B3F1E25BEF0002F584A /* TableViewController.swift */ = {isa = PBXFileReference; fileEncoding = 4; lastKnownFileType = sourcecode.swift; path = TableViewController.swift; sourceTree = "<group>"; };
/* End PBXFileReference section */

/* Begin PBXFrameworksBuildPhase section */
		AD6844E71E040ACF00A52959 /* Frameworks */ = {
			isa = PBXFrameworksBuildPhase;
			buildActionMask = 2147483647;
			files = (
				ADF7230B1E25EBB300E75A99 /* AdSupport.framework in Frameworks */,
				90A1FD5D39118C86EFCF8193 /* Pods_testDb.framework in Frameworks */,
			);
			runOnlyForDeploymentPostprocessing = 0;
		};
/* End PBXFrameworksBuildPhase section */

/* Begin PBXGroup section */
		4A082B5A428BD5920CD58D12 /* Frameworks */ = {
			isa = PBXGroup;
			children = (
				ADF7230A1E25EBB300E75A99 /* AdSupport.framework */,
				3E42BC11ABBC8D3C2A891F75 /* Pods_testDb.framework */,
			);
			name = Frameworks;
			sourceTree = "<group>";
		};
		8A4767ACE793DFFD50A8BCB5 /* Pods */ = {
			isa = PBXGroup;
			children = (
				845BA1ECD9218CECB368C1A5 /* Pods-testDb.debug.xcconfig */,
				2F71819BC0FA83C748F96FF9 /* Pods-testDb.release.xcconfig */,
			);
			name = Pods;
			sourceTree = "<group>";
		};
		AD6844E11E040ACF00A52959 = {
			isa = PBXGroup;
			children = (
				AD6844EC1E040ACF00A52959 /* testDb */,
				AD6844EB1E040ACF00A52959 /* Products */,
				8A4767ACE793DFFD50A8BCB5 /* Pods */,
				4A082B5A428BD5920CD58D12 /* Frameworks */,
			);
			sourceTree = "<group>";
		};
		AD6844EB1E040ACF00A52959 /* Products */ = {
			isa = PBXGroup;
			children = (
				AD6844EA1E040ACF00A52959 /* testDb.app */,
			);
			name = Products;
			sourceTree = "<group>";
		};
		AD6844EC1E040ACF00A52959 /* testDb */ = {
			isa = PBXGroup;
			children = (
				AD55BF3E1E0AD01300C758C4 /* pic.jpg */,
				AD6844ED1E040ACF00A52959 /* AppDelegate.swift */,
				AD6844EF1E040ACF00A52959 /* ViewController.swift */,
				ADF97B3F1E25BEF0002F584A /* TableViewController.swift */,
				AD6844F11E040ACF00A52959 /* Main.storyboard */,
				AD6844F41E040ACF00A52959 /* Assets.xcassets */,
				AD6844F61E040ACF00A52959 /* LaunchScreen.storyboard */,
				AD6844F91E040ACF00A52959 /* Info.plist */,
			);
			path = testDb;
			sourceTree = "<group>";
		};
/* End PBXGroup section */

/* Begin PBXNativeTarget section */
		AD6844E91E040ACF00A52959 /* testDb */ = {
			isa = PBXNativeTarget;
			buildConfigurationList = AD6844FC1E040ACF00A52959 /* Build configuration list for PBXNativeTarget "testDb" */;
			buildPhases = (
				3CCE79BF40DFA4249C059929 /* [CP] Check Pods Manifest.lock */,
				AD6844E61E040ACF00A52959 /* Sources */,
				AD6844E71E040ACF00A52959 /* Frameworks */,
				AD6844E81E040ACF00A52959 /* Resources */,
				D8014407958CDBCC6591DA1A /* [CP] Embed Pods Frameworks */,
				E56747F64D01FF7FA50EB47B /* [CP] Copy Pods Resources */,
			);
			buildRules = (
			);
			dependencies = (
			);
			name = testDb;
			productName = testDb;
			productReference = AD6844EA1E040ACF00A52959 /* testDb.app */;
			productType = "com.apple.product-type.application";
		};
/* End PBXNativeTarget section */

/* Begin PBXProject section */
		AD6844E21E040ACF00A52959 /* Project object */ = {
			isa = PBXProject;
			attributes = {
				LastSwiftUpdateCheck = 0810;
				LastUpgradeCheck = 0820;
				ORGANIZATIONNAME = "李小明";
				TargetAttributes = {
					AD6844E91E040ACF00A52959 = {
						CreatedOnToolsVersion = 8.1;
						DevelopmentTeam = Q4Q9VP7TD9;
						ProvisioningStyle = Automatic;
					};
				};
			};
			buildConfigurationList = AD6844E51E040ACF00A52959 /* Build configuration list for PBXProject "testDb" */;
			compatibilityVersion = "Xcode 3.2";
			developmentRegion = English;
			hasScannedForEncodings = 0;
			knownRegions = (
				en,
				Base,
			);
			mainGroup = AD6844E11E040ACF00A52959;
			productRefGroup = AD6844EB1E040ACF00A52959 /* Products */;
			projectDirPath = "";
			projectRoot = "";
			targets = (
				AD6844E91E040ACF00A52959 /* testDb */,
			);
		};
/* End PBXProject section */

/* Begin PBXResourcesBuildPhase section */
		AD6844E81E040ACF00A52959 /* Resources */ = {
			isa = PBXResourcesBuildPhase;
			buildActionMask = 2147483647;
			files = (
				AD6844F81E040ACF00A52959 /* LaunchScreen.storyboard in Resources */,
				AD6844F51E040ACF00A52959 /* Assets.xcassets in Resources */,
				AD6844F31E040ACF00A52959 /* Main.storyboard in Resources */,
				AD55BF3F1E0AD01300C758C4 /* pic.jpg in Resources */,
			);
			runOnlyForDeploymentPostprocessing = 0;
		};
/* End PBXResourcesBuildPhase section */

/* Begin PBXShellScriptBuildPhase section */
		3CCE79BF40DFA4249C059929 /* [CP] Check Pods Manifest.lock */ = {
			isa = PBXShellScriptBuildPhase;
			buildActionMask = 2147483647;
			files = (
			);
			inputPaths = (
			);
			name = "[CP] Check Pods Manifest.lock";
			outputPaths = (
			);
			runOnlyForDeploymentPostprocessing = 0;
			shellPath = /bin/sh;
			shellScript = "diff \"${PODS_ROOT}/../Podfile.lock\" \"${PODS_ROOT}/Manifest.lock\" > /dev/null\nif [ $? != 0 ] ; then\n    # print error to STDERR\n    echo \"error: The sandbox is not in sync with the Podfile.lock. Run 'pod install' or update your CocoaPods installation.\" >&2\n    exit 1\nfi\n";
			showEnvVarsInLog = 0;
		};
		D8014407958CDBCC6591DA1A /* [CP] Embed Pods Frameworks */ = {
			isa = PBXShellScriptBuildPhase;
			buildActionMask = 2147483647;
			files = (
			);
			inputPaths = (
			);
			name = "[CP] Embed Pods Frameworks";
			outputPaths = (
			);
			runOnlyForDeploymentPostprocessing = 0;
			shellPath = /bin/sh;
			shellScript = "\"${SRCROOT}/Pods/Target Support Files/Pods-testDb/Pods-testDb-frameworks.sh\"\n";
			showEnvVarsInLog = 0;
		};
		E56747F64D01FF7FA50EB47B /* [CP] Copy Pods Resources */ = {
			isa = PBXShellScriptBuildPhase;
			buildActionMask = 2147483647;
			files = (
			);
			inputPaths = (
			);
			name = "[CP] Copy Pods Resources";
			outputPaths = (
			);
			runOnlyForDeploymentPostprocessing = 0;
			shellPath = /bin/sh;
			shellScript = "\"${SRCROOT}/Pods/Target Support Files/Pods-testDb/Pods-testDb-resources.sh\"\n";
			showEnvVarsInLog = 0;
		};
/* End PBXShellScriptBuildPhase section */

/* Begin PBXSourcesBuildPhase section */
		AD6844E61E040ACF00A52959 /* Sources */ = {
			isa = PBXSourcesBuildPhase;
			buildActionMask = 2147483647;
			files = (
				AD6844F01E040ACF00A52959 /* ViewController.swift in Sources */,
				ADF97B401E25BEF0002F584A /* TableViewController.swift in Sources */,
				AD6844EE1E040ACF00A52959 /* AppDelegate.swift in Sources */,
			);
			runOnlyForDeploymentPostprocessing = 0;
		};
/* End PBXSourcesBuildPhase section */

/* Begin PBXVariantGroup section */
		AD6844F11E040ACF00A52959 /* Main.storyboard */ = {
			isa = PBXVariantGroup;
			children = (
				AD6844F21E040ACF00A52959 /* Base */,
			);
			name = Main.storyboard;
			sourceTree = "<group>";
		};
		AD6844F61E040ACF00A52959 /* LaunchScreen.storyboard */ = {
			isa = PBXVariantGroup;
			children = (
				AD6844F71E040ACF00A52959 /* Base */,
			);
			name = LaunchScreen.storyboard;
			sourceTree = "<group>";
		};
/* End PBXVariantGroup section */

/* Begin XCBuildConfiguration section */
		AD6844FA1E040ACF00A52959 /* Debug */ = {
			isa = XCBuildConfiguration;
			buildSettings = {
				ALWAYS_SEARCH_USER_PATHS = NO;
				CLANG_ANALYZER_NONNULL = YES;
				CLANG_CXX_LANGUAGE_STANDARD = "gnu++0x";
				CLANG_CXX_LIBRARY = "libc++";
				CLANG_ENABLE_MODULES = YES;
				CLANG_ENABLE_OBJC_ARC = YES;
				CLANG_WARN_BOOL_CONVERSION = YES;
				CLANG_WARN_CONSTANT_CONVERSION = YES;
				CLANG_WARN_DIRECT_OBJC_ISA_USAGE = YES_ERROR;
				CLANG_WARN_DOCUMENTATION_COMMENTS = YES;
				CLANG_WARN_EMPTY_BODY = YES;
				CLANG_WARN_ENUM_CONVERSION = YES;
				CLANG_WARN_INFINITE_RECURSION = YES;
				CLANG_WARN_INT_CONVERSION = YES;
				CLANG_WARN_OBJC_ROOT_CLASS = YES_ERROR;
				CLANG_WARN_SUSPICIOUS_MOVE = YES;
				CLANG_WARN_SUSPICIOUS_MOVES = YES;
				CLANG_WARN_UNREACHABLE_CODE = YES;
				CLANG_WARN__DUPLICATE_METHOD_MATCH = YES;
				"CODE_SIGN_IDENTITY[sdk=iphoneos*]" = "iPhone Developer";
				COPY_PHASE_STRIP = NO;
				DEBUG_INFORMATION_FORMAT = dwarf;
				ENABLE_STRICT_OBJC_MSGSEND = YES;
				ENABLE_TESTABILITY = YES;
				GCC_C_LANGUAGE_STANDARD = gnu99;
				GCC_DYNAMIC_NO_PIC = NO;
				GCC_NO_COMMON_BLOCKS = YES;
				GCC_OPTIMIZATION_LEVEL = 0;
				GCC_PREPROCESSOR_DEFINITIONS = (
					"DEBUG=1",
					"$(inherited)",
				);
				GCC_WARN_64_TO_32_BIT_CONVERSION = YES;
				GCC_WARN_ABOUT_RETURN_TYPE = YES_ERROR;
				GCC_WARN_UNDECLARED_SELECTOR = YES;
				GCC_WARN_UNINITIALIZED_AUTOS = YES_AGGRESSIVE;
				GCC_WARN_UNUSED_FUNCTION = YES;
				GCC_WARN_UNUSED_VARIABLE = YES;
				IPHONEOS_DEPLOYMENT_TARGET = 10.1;
				MTL_ENABLE_DEBUG_INFO = YES;
				ONLY_ACTIVE_ARCH = YES;
				SDKROOT = iphoneos;
				SWIFT_ACTIVE_COMPILATION_CONDITIONS = DEBUG;
				SWIFT_OPTIMIZATION_LEVEL = "-Onone";
				TARGETED_DEVICE_FAMILY = "1,2";
			};
			name = Debug;
		};
		AD6844FB1E040ACF00A52959 /* Release */ = {
			isa = XCBuildConfiguration;
			buildSettings = {
				ALWAYS_SEARCH_USER_PATHS = NO;
				CLANG_ANALYZER_NONNULL = YES;
				CLANG_CXX_LANGUAGE_STANDARD = "gnu++0x";
				CLANG_CXX_LIBRARY = "libc++";
				CLANG_ENABLE_MODULES = YES;
				CLANG_ENABLE_OBJC_ARC = YES;
				CLANG_WARN_BOOL_CONVERSION = YES;
				CLANG_WARN_CONSTANT_CONVERSION = YES;
				CLANG_WARN_DIRECT_OBJC_ISA_USAGE = YES_ERROR;
				CLANG_WARN_DOCUMENTATION_COMMENTS = YES;
				CLANG_WARN_EMPTY_BODY = YES;
				CLANG_WARN_ENUM_CONVERSION = YES;
				CLANG_WARN_INFINITE_RECURSION = YES;
				CLANG_WARN_INT_CONVERSION = YES;
				CLANG_WARN_OBJC_ROOT_CLASS = YES_ERROR;
				CLANG_WARN_SUSPICIOUS_MOVE = YES;
				CLANG_WARN_SUSPICIOUS_MOVES = YES;
				CLANG_WARN_UNREACHABLE_CODE = YES;
				CLANG_WARN__DUPLICATE_METHOD_MATCH = YES;
				"CODE_SIGN_IDENTITY[sdk=iphoneos*]" = "iPhone Developer";
				COPY_PHASE_STRIP = NO;
				DEBUG_INFORMATION_FORMAT = "dwarf-with-dsym";
				ENABLE_NS_ASSERTIONS = NO;
				ENABLE_STRICT_OBJC_MSGSEND = YES;
				GCC_C_LANGUAGE_STANDARD = gnu99;
				GCC_NO_COMMON_BLOCKS = YES;
				GCC_WARN_64_TO_32_BIT_CONVERSION = YES;
				GCC_WARN_ABOUT_RETURN_TYPE = YES_ERROR;
				GCC_WARN_UNDECLARED_SELECTOR = YES;
				GCC_WARN_UNINITIALIZED_AUTOS = YES_AGGRESSIVE;
				GCC_WARN_UNUSED_FUNCTION = YES;
				GCC_WARN_UNUSED_VARIABLE = YES;
				IPHONEOS_DEPLOYMENT_TARGET = 10.1;
				MTL_ENABLE_DEBUG_INFO = NO;
				SDKROOT = iphoneos;
				SWIFT_OPTIMIZATION_LEVEL = "-Owholemodule";
				TARGETED_DEVICE_FAMILY = "1,2";
				VALIDATE_PRODUCT = YES;
			};
			name = Release;
		};
		AD6844FD1E040ACF00A52959 /* Debug */ = {
			isa = XCBuildConfiguration;
			baseConfigurationReference = 845BA1ECD9218CECB368C1A5 /* Pods-testDb.debug.xcconfig */;
			buildSettings = {
				ASSETCATALOG_COMPILER_APPICON_NAME = AppIcon;
				DEVELOPMENT_TEAM = Q4Q9VP7TD9;
				INFOPLIST_FILE = testDb/Info.plist;
				IPHONEOS_DEPLOYMENT_TARGET = 10.0;
				LD_RUNPATH_SEARCH_PATHS = "$(inherited) @executable_path/Frameworks";
				PRODUCT_BUNDLE_IDENTIFIER = appcoda.com.testDb;
				PRODUCT_NAME = "$(TARGET_NAME)";
				SWIFT_VERSION = 3.0;
			};
			name = Debug;
		};
		AD6844FE1E040ACF00A52959 /* Release */ = {
			isa = XCBuildConfiguration;
			baseConfigurationReference = 2F71819BC0FA83C748F96FF9 /* Pods-testDb.release.xcconfig */;
			buildSettings = {
				ASSETCATALOG_COMPILER_APPICON_NAME = AppIcon;
				DEVELOPMENT_TEAM = Q4Q9VP7TD9;
				INFOPLIST_FILE = testDb/Info.plist;
				IPHONEOS_DEPLOYMENT_TARGET = 10.0;
				LD_RUNPATH_SEARCH_PATHS = "$(inherited) @executable_path/Frameworks";
				PRODUCT_BUNDLE_IDENTIFIER = appcoda.com.testDb;
				PRODUCT_NAME = "$(TARGET_NAME)";
				SWIFT_VERSION = 3.0;
			};
			name = Release;
		};
/* End XCBuildConfiguration section */

/* Begin XCConfigurationList section */
		AD6844E51E040ACF00A52959 /* Build configuration list for PBXProject "testDb" */ = {
			isa = XCConfigurationList;
			buildConfigurations = (
				AD6844FA1E040ACF00A52959 /* Debug */,
				AD6844FB1E040ACF00A52959 /* Release */,
			);
			defaultConfigurationIsVisible = 0;
			defaultConfigurationName = Release;
		};
		AD6844FC1E040ACF00A52959 /* Build configuration list for PBXNativeTarget "testDb" */ = {
			isa = XCConfigurationList;
			buildConfigurations = (
				AD6844FD1E040ACF00A52959 /* Debug */,
				AD6844FE1E040ACF00A52959 /* Release */,
			);
			defaultConfigurationIsVisible = 0;
			defaultConfigurationName = Release;
		};
/* End XCConfigurationList section */
	};
	rootObject = AD6844E21E040ACF00A52959 /* Project object */;
}
